
Microsoft Visual Studio Solution File, Format Version 12.00
# Visual Studio Version 16
VisualStudioVersion = 16.0.31624.102
MinimumVisualStudioVersion = 10.0.40219.1
Project("{FAE04EC0-301F-11D3-BF4B-00C04F79EFBC}") = "YoutubePlayer", "YoutubePlayer.csproj", "{DA0A014A-F898-4070-A027-5ADB91DC6F5C}"
EndProject
Global
	GlobalSection(SolutionConfigurationPlatforms) = preSolution
		Debug|Any CPU = Debug|Any CPU
		Release|Any CPU = Release|Any CPU
	EndGlobalSection
	GlobalSection(ProjectConfigurationPlatforms) = postSolution
		{DA0A014A-F898-4070-A027-5ADB91DC6F5C}.Debug|Any CPU.ActiveCfg = Debug|Any CPU
		{DA0A014A-F898-4070-A027-5ADB91DC6F5C}.Debug|Any CPU.Build.0 = Debug|Any CPU
		{DA0A014A-F898-4070-A027-5ADB91DC6F5C}.Release|Any CPU.ActiveCfg = Release|Any CPU
		{DA0A014A-F898-4070-A027-5ADB91DC6F5C}.Release|Any CPU.Build.0 = Release|Any CPU
	EndGlobalSection
	GlobalSection(SolutionProperties) = preSolution
		HideSolutionNode = FALSE
	EndGlobalSection
	GlobalSection(ExtensibilityGlobals) = postSolution
		SolutionGuid = {3AA53B12-80DA-4BF7-8808-2A68B99F3419}
	EndGlobalSection
EndGlobal
